
Microsoft Visual Studio Solution File, Format Version 12.00
# Visual Studio Version 17
VisualStudioVersion = 17.14.36414.22 d17.14
MinimumVisualStudioVersion = 10.0.40219.1
Project("{FAE04EC0-301F-11D3-BF4B-00C04F79EFBC}") = "Stack-ez-ValidParentheses", "Stack-ez-ValidParentheses\Stack-ez-ValidParentheses.csproj", "{1B775C60-3DAF-4E13-85DC-0D43C3EAC57D}"
EndProject
Global
	GlobalSection(SolutionConfigurationPlatforms) = preSolution
		Debug|Any CPU = Debug|Any CPU
		Release|Any CPU = Release|Any CPU
	EndGlobalSection
	GlobalSection(ProjectConfigurationPlatforms) = postSolution
		{1B775C60-3DAF-4E13-85DC-0D43C3EAC57D}.Debug|Any CPU.ActiveCfg = Debug|Any CPU
		{1B775C60-3DAF-4E13-85DC-0D43C3EAC57D}.Debug|Any CPU.Build.0 = Debug|Any CPU
		{1B775C60-3DAF-4E13-85DC-0D43C3EAC57D}.Release|Any CPU.ActiveCfg = Release|Any CPU
		{1B775C60-3DAF-4E13-85DC-0D43C3EAC57D}.Release|Any CPU.Build.0 = Release|Any CPU
	EndGlobalSection
	GlobalSection(SolutionProperties) = preSolution
		HideSolutionNode = FALSE
	EndGlobalSection
	GlobalSection(ExtensibilityGlobals) = postSolution
		SolutionGuid = {16DB15B7-0FAA-4F8D-8E6D-60297A37EE51}
	EndGlobalSection
EndGlobal
