
Microsoft Visual Studio Solution File, Format Version 12.00
# Visual Studio Version 17
VisualStudioVersion = 17.14.36414.22 d17.14
MinimumVisualStudioVersion = 10.0.40219.1
Project("{FAE04EC0-301F-11D3-BF4B-00C04F79EFBC}") = "Array-mdm-EncodeAndDecodeStrings", "Array-mdm-EncodeAndDecodeStrings\Array-mdm-EncodeAndDecodeStrings.csproj", "{6208C3E8-F26B-4673-8C77-475D5CB7F62D}"
EndProject
Global
	GlobalSection(SolutionConfigurationPlatforms) = preSolution
		Debug|Any CPU = Debug|Any CPU
		Release|Any CPU = Release|Any CPU
	EndGlobalSection
	GlobalSection(ProjectConfigurationPlatforms) = postSolution
		{6208C3E8-F26B-4673-8C77-475D5CB7F62D}.Debug|Any CPU.ActiveCfg = Debug|Any CPU
		{6208C3E8-F26B-4673-8C77-475D5CB7F62D}.Debug|Any CPU.Build.0 = Debug|Any CPU
		{6208C3E8-F26B-4673-8C77-475D5CB7F62D}.Release|Any CPU.ActiveCfg = Release|Any CPU
		{6208C3E8-F26B-4673-8C77-475D5CB7F62D}.Release|Any CPU.Build.0 = Release|Any CPU
	EndGlobalSection
	GlobalSection(SolutionProperties) = preSolution
		HideSolutionNode = FALSE
	EndGlobalSection
	GlobalSection(ExtensibilityGlobals) = postSolution
		SolutionGuid = {6D1FB270-69FB-44A8-9AB1-0B42E34FD735}
	EndGlobalSection
EndGlobal
