
Microsoft Visual Studio Solution File, Format Version 12.00
# Visual Studio Version 17
VisualStudioVersion = 17.14.36429.23 d17.14
MinimumVisualStudioVersion = 10.0.40219.1
Project("{FAE04EC0-301F-11D3-BF4B-00C04F79EFBC}") = "Stack-mdm-EvaluateReversePolishNotation", "Stack-mdm-EvaluateReversePolishNotation\Stack-mdm-EvaluateReversePolishNotation.csproj", "{1464532B-5B89-431F-B480-3507AEC8F675}"
EndProject
Global
	GlobalSection(SolutionConfigurationPlatforms) = preSolution
		Debug|Any CPU = Debug|Any CPU
		Release|Any CPU = Release|Any CPU
	EndGlobalSection
	GlobalSection(ProjectConfigurationPlatforms) = postSolution
		{1464532B-5B89-431F-B480-3507AEC8F675}.Debug|Any CPU.ActiveCfg = Debug|Any CPU
		{1464532B-5B89-431F-B480-3507AEC8F675}.Debug|Any CPU.Build.0 = Debug|Any CPU
		{1464532B-5B89-431F-B480-3507AEC8F675}.Release|Any CPU.ActiveCfg = Release|Any CPU
		{1464532B-5B89-431F-B480-3507AEC8F675}.Release|Any CPU.Build.0 = Release|Any CPU
	EndGlobalSection
	GlobalSection(SolutionProperties) = preSolution
		HideSolutionNode = FALSE
	EndGlobalSection
	GlobalSection(ExtensibilityGlobals) = postSolution
		SolutionGuid = {033A2F78-509C-48BF-BC15-3AF565545282}
	EndGlobalSection
EndGlobal
