
Microsoft Visual Studio Solution File, Format Version 12.00
# Visual Studio Version 17
VisualStudioVersion = 17.14.36511.14 d17.14
MinimumVisualStudioVersion = 10.0.40219.1
Project("{FAE04EC0-301F-11D3-BF4B-00C04F79EFBC}") = "Maths-Geometry-mdm-Pow(x, n)", "Maths-Geometry-mdm-Pow(x, n)\Maths-Geometry-mdm-Pow(x, n).csproj", "{EA4D33DE-A8ED-469D-A514-81DFE48358AD}"
EndProject
Global
	GlobalSection(SolutionConfigurationPlatforms) = preSolution
		Debug|Any CPU = Debug|Any CPU
		Release|Any CPU = Release|Any CPU
	EndGlobalSection
	GlobalSection(ProjectConfigurationPlatforms) = postSolution
		{EA4D33DE-A8ED-469D-A514-81DFE48358AD}.Debug|Any CPU.ActiveCfg = Debug|Any CPU
		{EA4D33DE-A8ED-469D-A514-81DFE48358AD}.Debug|Any CPU.Build.0 = Debug|Any CPU
		{EA4D33DE-A8ED-469D-A514-81DFE48358AD}.Release|Any CPU.ActiveCfg = Release|Any CPU
		{EA4D33DE-A8ED-469D-A514-81DFE48358AD}.Release|Any CPU.Build.0 = Release|Any CPU
	EndGlobalSection
	GlobalSection(SolutionProperties) = preSolution
		HideSolutionNode = FALSE
	EndGlobalSection
	GlobalSection(ExtensibilityGlobals) = postSolution
		SolutionGuid = {3FF03961-C331-4106-B95F-D07A280EC713}
	EndGlobalSection
EndGlobal
